// !$*UTF8*$!
{
	archiveVersion = 1;
	classes = {
	};
	objectVersion = 46;
	objects = {

/* Begin PBXBuildFile section */
		496E4E08196845CE0003739B /* AppDelegate.swift in Sources */ = {isa = PBXBuildFile; fileRef = 496E4E07196845CE0003739B /* AppDelegate.swift */; };
		496E4E0A196845CE0003739B /* Images.xcassets in Resources */ = {isa = PBXBuildFile; fileRef = 496E4E09196845CE0003739B /* Images.xcassets */; };
		496E4E16196845CE0003739B /* MoNoTests.swift in Sources */ = {isa = PBXBuildFile; fileRef = 496E4E15196845CE0003739B /* MoNoTests.swift */; };
/* End PBXBuildFile section */

/* Begin PBXContainerItemProxy section */
		496E4E10196845CE0003739B /* PBXContainerItemProxy */ = {
			isa = PBXContainerItemProxy;
			containerPortal = 496E4DFA196845CE0003739B /* Project object */;
			proxyType = 1;
			remoteGlobalIDString = 496E4E01196845CE0003739B;
			remoteInfo = MoNo;
		};
/* End PBXContainerItemProxy section */

/* Begin PBXFileReference section */
		496E4E02196845CE0003739B /* MoNo.app */ = {isa = PBXFileReference; explicitFileType = wrapper.application; includeInIndex = 0; path = MoNo.app; sourceTree = BUILT_PRODUCTS_DIR; };
		496E4E06196845CE0003739B /* Info.plist */ = {isa = PBXFileReference; lastKnownFileType = text.plist.xml; path = Info.plist; sourceTree = "<group>"; };
		496E4E07196845CE0003739B /* AppDelegate.swift */ = {isa = PBXFileReference; lastKnownFileType = sourcecode.swift; path = AppDelegate.swift; sourceTree = "<group>"; };
		496E4E09196845CE0003739B /* Images.xcassets */ = {isa = PBXFileReference; lastKnownFileType = folder.assetcatalog; path = Images.xcassets; sourceTree = "<group>"; };
		496E4E0F196845CE0003739B /* MoNoTests.xctest */ = {isa = PBXFileReference; explicitFileType = wrapper.cfbundle; includeInIndex = 0; path = MoNoTests.xctest; sourceTree = BUILT_PRODUCTS_DIR; };
		496E4E14196845CE0003739B /* Info.plist */ = {isa = PBXFileReference; lastKnownFileType = text.plist.xml; path = Info.plist; sourceTree = "<group>"; };
		496E4E15196845CE0003739B /* MoNoTests.swift */ = {isa = PBXFileReference; lastKnownFileType = sourcecode.swift; path = MoNoTests.swift; sourceTree = "<group>"; };
/* End PBXFileReference section */

/* Begin PBXFrameworksBuildPhase section */
		496E4DFF196845CE0003739B /* Frameworks */ = {
			isa = PBXFrameworksBuildPhase;
			buildActionMask = 2147483647;
			files = (
			);
			runOnlyForDeploymentPostprocessing = 0;
		};
		496E4E0C196845CE0003739B /* Frameworks */ = {
			isa = PBXFrameworksBuildPhase;
			buildActionMask = 2147483647;
			files = (
			);
			runOnlyForDeploymentPostprocessing = 0;
		};
/* End PBXFrameworksBuildPhase section */

/* Begin PBXGroup section */
		496E4DF9196845CE0003739B = {
			isa = PBXGroup;
			children = (
				496E4E04196845CE0003739B /* MoNo */,
				496E4E12196845CE0003739B /* MoNoTests */,
				496E4E03196845CE0003739B /* Products */,
			);
			sourceTree = "<group>";
		};
		496E4E03196845CE0003739B /* Products */ = {
			isa = PBXGroup;
			children = (
				496E4E02196845CE0003739B /* MoNo.app */,
				496E4E0F196845CE0003739B /* MoNoTests.xctest */,
			);
			name = Products;
			sourceTree = "<group>";
		};
		496E4E04196845CE0003739B /* MoNo */ = {
			isa = PBXGroup;
			children = (
				496E4E07196845CE0003739B /* AppDelegate.swift */,
				496E4E09196845CE0003739B /* Images.xcassets */,
				496E4E05196845CE0003739B /* Supporting Files */,
			);
			path = MoNo;
			sourceTree = "<group>";
		};
		496E4E05196845CE0003739B /* Supporting Files */ = {
			isa = PBXGroup;
			children = (
				496E4E06196845CE0003739B /* Info.plist */,
			);
			name = "Supporting Files";
			sourceTree = "<group>";
		};
		496E4E12196845CE0003739B /* MoNoTests */ = {
			isa = PBXGroup;
			children = (
				496E4E15196845CE0003739B /* MoNoTests.swift */,
				496E4E13196845CE0003739B /* Supporting Files */,
			);
			path = MoNoTests;
			sourceTree = "<group>";
		};
		496E4E13196845CE0003739B /* Supporting Files */ = {
			isa = PBXGroup;
			children = (
				496E4E14196845CE0003739B /* Info.plist */,
			);
			name = "Supporting Files";
			sourceTree = "<group>";
		};
/* End PBXGroup section */

/* Begin PBXNativeTarget section */
		496E4E01196845CE0003739B /* MoNo */ = {
			isa = PBXNativeTarget;
			buildConfigurationList = 496E4E19196845CE0003739B /* Build configuration list for PBXNativeTarget "MoNo" */;
			buildPhases = (
				496E4DFE196845CE0003739B /* Sources */,
				496E4DFF196845CE0003739B /* Frameworks */,
				496E4E00196845CE0003739B /* Resources */,
			);
			buildRules = (
			);
			dependencies = (
			);
			name = MoNo;
			productName = MoNo;
			productReference = 496E4E02196845CE0003739B /* MoNo.app */;
			productType = "com.apple.product-type.application";
		};
		496E4E0E196845CE0003739B /* MoNoTests */ = {
			isa = PBXNativeTarget;
			buildConfigurationList = 496E4E1C196845CE0003739B /* Build configuration list for PBXNativeTarget "MoNoTests" */;
			buildPhases = (
				496E4E0B196845CE0003739B /* Sources */,
				496E4E0C196845CE0003739B /* Frameworks */,
				496E4E0D196845CE0003739B /* Resources */,
			);
			buildRules = (
			);
			dependencies = (
				496E4E11196845CE0003739B /* PBXTargetDependency */,
			);
			name = MoNoTests;
			productName = MoNoTests;
			productReference = 496E4E0F196845CE0003739B /* MoNoTests.xctest */;
			productType = "com.apple.product-type.bundle.unit-test";
		};
/* End PBXNativeTarget section */

/* Begin PBXProject section */
		496E4DFA196845CE0003739B /* Project object */ = {
			isa = PBXProject;
			attributes = {
				LastUpgradeCheck = 0600;
				ORGANIZATIONNAME = "Bas Thomas Broek";
				TargetAttributes = {
					496E4E01196845CE0003739B = {
						CreatedOnToolsVersion = 6.0;
					};
					496E4E0E196845CE0003739B = {
						CreatedOnToolsVersion = 6.0;
						TestTargetID = 496E4E01196845CE0003739B;
					};
				};
			};
			buildConfigurationList = 496E4DFD196845CE0003739B /* Build configuration list for PBXProject "MoNo" */;
			compatibilityVersion = "Xcode 3.2";
			developmentRegion = English;
			hasScannedForEncodings = 0;
			knownRegions = (
				en,
			);
			mainGroup = 496E4DF9196845CE0003739B;
			productRefGroup = 496E4E03196845CE0003739B /* Products */;
			projectDirPath = "";
			projectRoot = "";
			targets = (
				496E4E01196845CE0003739B /* MoNo */,
				496E4E0E196845CE0003739B /* MoNoTests */,
			);
		};
/* End PBXProject section */

/* Begin PBXResourcesBuildPhase section */
		496E4E00196845CE0003739B /* Resources */ = {
			isa = PBXResourcesBuildPhase;
			buildActionMask = 2147483647;
			files = (
				496E4E0A196845CE0003739B /* Images.xcassets in Resources */,
			);
			runOnlyForDeploymentPostprocessing = 0;
		};
		496E4E0D196845CE0003739B /* Resources */ = {
			isa = PBXResourcesBuildPhase;
			buildActionMask = 2147483647;
			files = (
			);
			runOnlyForDeploymentPostprocessing = 0;
		};
/* End PBXResourcesBuildPhase section */

/* Begin PBXSourcesBuildPhase section */
		496E4DFE196845CE0003739B /* Sources */ = {
			isa = PBXSourcesBuildPhase;
			buildActionMask = 2147483647;
			files = (
				496E4E08196845CE0003739B /* AppDelegate.swift in Sources */,
			);
			runOnlyForDeploymentPostprocessing = 0;
		};
		496E4E0B196845CE0003739B /* Sources */ = {
			isa = PBXSourcesBuildPhase;
			buildActionMask = 2147483647;
			files = (
				496E4E16196845CE0003739B /* MoNoTests.swift in Sources */,
			);
			runOnlyForDeploymentPostprocessing = 0;
		};
/* End PBXSourcesBuildPhase section */

/* Begin PBXTargetDependency section */
		496E4E11196845CE0003739B /* PBXTargetDependency */ = {
			isa = PBXTargetDependency;
			target = 496E4E01196845CE0003739B /* MoNo */;
			targetProxy = 496E4E10196845CE0003739B /* PBXContainerItemProxy */;
		};
/* End PBXTargetDependency section */

/* Begin XCBuildConfiguration section */
		496E4E17196845CE0003739B /* Debug */ = {
			isa = XCBuildConfiguration;
			buildSettings = {
				ALWAYS_SEARCH_USER_PATHS = NO;
				CLANG_CXX_LANGUAGE_STANDARD = "gnu++0x";
				CLANG_CXX_LIBRARY = "libc++";
				CLANG_ENABLE_MODULES = YES;
				CLANG_ENABLE_OBJC_ARC = YES;
				CLANG_WARN_BOOL_CONVERSION = YES;
				CLANG_WARN_CONSTANT_CONVERSION = YES;
				CLANG_WARN_DIRECT_OBJC_ISA_USAGE = YES_ERROR;
				CLANG_WARN_EMPTY_BODY = YES;
				CLANG_WARN_ENUM_CONVERSION = YES;
				CLANG_WARN_INT_CONVERSION = YES;
				CLANG_WARN_OBJC_ROOT_CLASS = YES_ERROR;
				CLANG_WARN_UNREACHABLE_CODE = YES;
				CLANG_WARN__DUPLICATE_METHOD_MATCH = YES;
				"CODE_SIGN_IDENTITY[sdk=iphoneos*]" = "iPhone Developer";
				COPY_PHASE_STRIP = NO;
				ENABLE_STRICT_OBJC_MSGSEND = YES;
				GCC_C_LANGUAGE_STANDARD = gnu99;
				GCC_DYNAMIC_NO_PIC = NO;
				GCC_OPTIMIZATION_LEVEL = 0;
				GCC_PREPROCESSOR_DEFINITIONS = (
					"DEBUG=1",
					"$(inherited)",
				);
				GCC_SYMBOLS_PRIVATE_EXTERN = NO;
				GCC_WARN_64_TO_32_BIT_CONVERSION = YES;
				GCC_WARN_ABOUT_RETURN_TYPE = YES_ERROR;
				GCC_WARN_UNDECLARED_SELECTOR = YES;
				GCC_WARN_UNINITIALIZED_AUTOS = YES_AGGRESSIVE;
				GCC_WARN_UNUSED_FUNCTION = YES;
				GCC_WARN_UNUSED_VARIABLE = YES;
				IPHONEOS_DEPLOYMENT_TARGET = 8.0;
				METAL_ENABLE_DEBUG_INFO = YES;
				ONLY_ACTIVE_ARCH = YES;
				SDKROOT = iphoneos;
				SWIFT_OPTIMIZATION_LEVEL = "-Onone";
				TARGETED_DEVICE_FAMILY = "1,2";
			};
			name = Debug;
		};
		496E4E18196845CE0003739B /* Release */ = {
			isa = XCBuildConfiguration;
			buildSettings = {
				ALWAYS_SEARCH_USER_PATHS = NO;
				CLANG_CXX_LANGUAGE_STANDARD = "gnu++0x";
				CLANG_CXX_LIBRARY = "libc++";
				CLANG_ENABLE_MODULES = YES;
				CLANG_ENABLE_OBJC_ARC = YES;
				CLANG_WARN_BOOL_CONVERSION = YES;
				CLANG_WARN_CONSTANT_CONVERSION = YES;
				CLANG_WARN_DIRECT_OBJC_ISA_USAGE = YES_ERROR;
				CLANG_WARN_EMPTY_BODY = YES;
				CLANG_WARN_ENUM_CONVERSION = YES;
				CLANG_WARN_INT_CONVERSION = YES;
				CLANG_WARN_OBJC_ROOT_CLASS = YES_ERROR;
				CLANG_WARN_UNREACHABLE_CODE = YES;
				CLANG_WARN__DUPLICATE_METHOD_MATCH = YES;
				"CODE_SIGN_IDENTITY[sdk=iphoneos*]" = "iPhone Developer";
				COPY_PHASE_STRIP = YES;
				ENABLE_NS_ASSERTIONS = NO;
				ENABLE_STRICT_OBJC_MSGSEND = YES;
				GCC_C_LANGUAGE_STANDARD = gnu99;
				GCC_WARN_64_TO_32_BIT_CONVERSION = YES;
				GCC_WARN_ABOUT_RETURN_TYPE = YES_ERROR;
				GCC_WARN_UNDECLARED_SELECTOR = YES;
				GCC_WARN_UNINITIALIZED_AUTOS = YES_AGGRESSIVE;
				GCC_WARN_UNUSED_FUNCTION = YES;
				GCC_WARN_UNUSED_VARIABLE = YES;
				IPHONEOS_DEPLOYMENT_TARGET = 8.0;
				METAL_ENABLE_DEBUG_INFO = NO;
				SDKROOT = iphoneos;
				TARGETED_DEVICE_FAMILY = "1,2";
				VALIDATE_PRODUCT = YES;
			};
			name = Release;
		};
		496E4E1A196845CE0003739B /* Debug */ = {
			isa = XCBuildConfiguration;
			buildSettings = {
				ASSETCATALOG_COMPILER_APPICON_NAME = AppIcon;
				ASSETCATALOG_COMPILER_LAUNCHIMAGE_NAME = LaunchImage;
				INFOPLIST_FILE = MoNo/Info.plist;
				LD_RUNPATH_SEARCH_PATHS = "$(inherited) @executable_path/Frameworks";
				PRODUCT_NAME = "$(TARGET_NAME)";
			};
			name = Debug;
		};
		496E4E1B196845CE0003739B /* Release */ = {
			isa = XCBuildConfiguration;
			buildSettings = {
				ASSETCATALOG_COMPILER_APPICON_NAME = AppIcon;
				ASSETCATALOG_COMPILER_LAUNCHIMAGE_NAME = LaunchImage;
				INFOPLIST_FILE = MoNo/Info.plist;
				LD_RUNPATH_SEARCH_PATHS = "$(inherited) @executable_path/Frameworks";
				PRODUCT_NAME = "$(TARGET_NAME)";
			};
			name = Release;
		};
		496E4E1D196845CE0003739B /* Debug */ = {
			isa = XCBuildConfiguration;
			buildSettings = {
				BUNDLE_LOADER = "$(BUILT_PRODUCTS_DIR)/MoNo.app/MoNo";
				FRAMEWORK_SEARCH_PATHS = (
					"$(SDKROOT)/Developer/Library/Frameworks",
					"$(inherited)",
				);
				GCC_PREPROCESSOR_DEFINITIONS = (
					"DEBUG=1",
					"$(inherited)",
				);
				INFOPLIST_FILE = MoNoTests/Info.plist;
				LD_RUNPATH_SEARCH_PATHS = "$(inherited) @executable_path/Frameworks @loader_path/Frameworks";
				METAL_ENABLE_DEBUG_INFO = YES;
				PRODUCT_NAME = "$(TARGET_NAME)";
				TEST_HOST = "$(BUNDLE_LOADER)";
			};
			name = Debug;
		};
		496E4E1E196845CE0003739B /* Release */ = {
			isa = XCBuildConfiguration;
			buildSettings = {
				BUNDLE_LOADER = "$(BUILT_PRODUCTS_DIR)/MoNo.app/MoNo";
				FRAMEWORK_SEARCH_PATHS = (
					"$(SDKROOT)/Developer/Library/Frameworks",
					"$(inherited)",
				);
				INFOPLIST_FILE = MoNoTests/Info.plist;
				LD_RUNPATH_SEARCH_PATHS = "$(inherited) @executable_path/Frameworks @loader_path/Frameworks";
				METAL_ENABLE_DEBUG_INFO = NO;
				PRODUCT_NAME = "$(TARGET_NAME)";
				TEST_HOST = "$(BUNDLE_LOADER)";
			};
			name = Release;
		};
/* End XCBuildConfiguration section */

/* Begin XCConfigurationList section */
		496E4DFD196845CE0003739B /* Build configuration list for PBXProject "MoNo" */ = {
			isa = XCConfigurationList;
			buildConfigurations = (
				496E4E17196845CE0003739B /* Debug */,
				496E4E18196845CE0003739B /* Release */,
			);
			defaultConfigurationIsVisible = 0;
			defaultConfigurationName = Release;
		};
		496E4E19196845CE0003739B /* Build configuration list for PBXNativeTarget "MoNo" */ = {
			isa = XCConfigurationList;
			buildConfigurations = (
				496E4E1A196845CE0003739B /* Debug */,
				496E4E1B196845CE0003739B /* Release */,
			);
			defaultConfigurationIsVisible = 0;
		};
		496E4E1C196845CE0003739B /* Build configuration list for PBXNativeTarget "MoNoTests" */ = {
			isa = XCConfigurationList;
			buildConfigurations = (
				496E4E1D196845CE0003739B /* Debug */,
				496E4E1E196845CE0003739B /* Release */,
			);
			defaultConfigurationIsVisible = 0;
		};
/* End XCConfigurationList section */
	};
	rootObject = 496E4DFA196845CE0003739B /* Project object */;
}
